{
  "name": "apstory-logger",
  "version": "9.0.1",
  "lockfileVersion": 1,
  "requires": true,
  "dependencies": {
    "@microsoft/applicationinsights-analytics-js": {
      "version": "2.5.5",
      "resolved": "https://registry.npmjs.org/@microsoft/applicationinsights-analytics-js/-/applicationinsights-analytics-js-2.5.5.tgz",
      "integrity": "sha512-Sh2eYdVKBBAV1Wj1fSY41Vd1uZXSBq60mlhelJ63uIBGEKmd74KRHYnQH9+binMpXhAXJ4YnUN5scFBQfp03GQ==",
      "requires": {
        "@microsoft/applicationinsights-common": "2.5.5",
        "@microsoft/applicationinsights-core-js": "2.5.5",
        "@microsoft/applicationinsights-shims": "1.0.0",
        "@microsoft/dynamicproto-js": "^0.5.2"
      }
    },
    "@microsoft/applicationinsights-channel-js": {
      "version": "2.5.5",
      "resolved": "https://registry.npmjs.org/@microsoft/applicationinsights-channel-js/-/applicationinsights-channel-js-2.5.5.tgz",
      "integrity": "sha512-6gAn8q2Wi65cyE2WWQfx4SIRym6VFBPhWJH4Tgt9mxunxzEzNWw5pJWzGX5DMB+25r7WgLBVXTUtoAFwmcG6tg==",
      "requires": {
        "@microsoft/applicationinsights-common": "2.5.5",
        "@microsoft/applicationinsights-core-js": "2.5.5",
        "@microsoft/applicationinsights-shims": "1.0.0"
      }
    },
    "@microsoft/applicationinsights-common": {
      "version": "2.5.5",
      "resolved": "https://registry.npmjs.org/@microsoft/applicationinsights-common/-/applicationinsights-common-2.5.5.tgz",
      "integrity": "sha512-SI2F0fdRfYrbQWKQqxNtpkT+BwtfqqIN6xGlAq7sxffn9ZF+YpL3HpMNxCePUg0KarFhG0ykDr/CfrHur0Q0Iw==",
      "requires": {
        "@microsoft/applicationinsights-core-js": "2.5.5",
        "@microsoft/applicationinsights-shims": "1.0.0"
      }
    },
    "@microsoft/applicationinsights-core-js": {
      "version": "2.5.5",
      "resolved": "https://registry.npmjs.org/@microsoft/applicationinsights-core-js/-/applicationinsights-core-js-2.5.5.tgz",
      "integrity": "sha512-vBV6Q0W9QZI2d1CnX2wOeAbGO4+xLGxlST6J4vvQ0gtR/fX/jjIYwr2+go+iimuvSmdtyzzhTlfO518XJ6XR+Q==",
      "requires": {
        "@microsoft/applicationinsights-shims": "1.0.0",
        "@microsoft/dynamicproto-js": "^0.5.2"
      }
    },
    "@microsoft/applicationinsights-dependencies-js": {
      "version": "2.5.5",
      "resolved": "https://registry.npmjs.org/@microsoft/applicationinsights-dependencies-js/-/applicationinsights-dependencies-js-2.5.5.tgz",
      "integrity": "sha512-uOmLxkF6316dbklG75OIGE6bF8Ewb2WO6nFQyUXoIhBTDGEy1vhV4jPWKEPpZc8MAqqXv6PM5+fNtSwdP5fJYA==",
      "requires": {
        "@microsoft/applicationinsights-common": "2.5.5",
        "@microsoft/applicationinsights-core-js": "2.5.5",
        "@microsoft/applicationinsights-shims": "1.0.0",
        "@microsoft/dynamicproto-js": "^0.5.2"
      }
    },
    "@microsoft/applicationinsights-properties-js": {
      "version": "2.5.5",
      "resolved": "https://registry.npmjs.org/@microsoft/applicationinsights-properties-js/-/applicationinsights-properties-js-2.5.5.tgz",
      "integrity": "sha512-o8lnv1+BL0EHxZhfUgEuImnpY+403IXZRGI28hTuyjxIucRr0X/rajuKgqb1KfW/Nb9WALgiqkLNmK/kR2esXw==",
      "requires": {
        "@microsoft/applicationinsights-common": "2.5.5",
        "@microsoft/applicationinsights-core-js": "2.5.5",
        "@microsoft/applicationinsights-shims": "1.0.0"
      }
    },
    "@microsoft/applicationinsights-shims": {
      "version": "1.0.0",
      "resolved": "https://registry.npmjs.org/@microsoft/applicationinsights-shims/-/applicationinsights-shims-1.0.0.tgz",
      "integrity": "sha512-huUHn7LsfSohsr7TqkU+YlmXjySubGq6l9UNBtAJDaT4qSI1W7aA5htoPCnaXnUhsk1LpYybOSAAMRkEJFesPw=="
    },
    "@microsoft/applicationinsights-web": {
      "version": "2.5.5",
      "resolved": "https://registry.npmjs.org/@microsoft/applicationinsights-web/-/applicationinsights-web-2.5.5.tgz",
      "integrity": "sha512-k4cYJVRKTRZH70IBfDb/DN4NnbyKow4/KDBfG3XDAoG7VXnMbLvrnU1S8Jv147JFNqNEJvBb44zpIurq4I/2pw==",
      "requires": {
        "@microsoft/applicationinsights-analytics-js": "2.5.5",
        "@microsoft/applicationinsights-channel-js": "2.5.5",
        "@microsoft/applicationinsights-common": "2.5.5",
        "@microsoft/applicationinsights-core-js": "2.5.5",
        "@microsoft/applicationinsights-dependencies-js": "2.5.5",
        "@microsoft/applicationinsights-properties-js": "2.5.5",
        "@microsoft/applicationinsights-shims": "1.0.0",
        "@microsoft/dynamicproto-js": "^0.5.2"
      }
    },
    "@microsoft/dynamicproto-js": {
      "version": "0.5.2",
      "resolved": "https://registry.npmjs.org/@microsoft/dynamicproto-js/-/dynamicproto-js-0.5.2.tgz",
      "integrity": "sha512-tGwZJLtLVK96OKl5/pHeZFgi28rnKJB2DQ0V/28SVQnv9tC/OXCNOrvvvtIZM6wp1YJwqVSFnyp46w3azDjC0Q=="
    }
  }
}
